
Microsoft Visual Studio Solution File, Format Version 12.00
# Visual Studio Version 16
VisualStudioVersion = 16.0.29728.190
MinimumVisualStudioVersion = 10.0.40219.1
Project("{FAE04EC0-301F-11D3-BF4B-00C04F79EFBC}") = "DirectedWeightedGraph", "DirectedWeightedGraph\DirectedWeightedGraph.csproj", "{B215553E-2967-4884-8B55-13F055B551AD}"
EndProject
Global
	GlobalSection(SolutionConfigurationPlatforms) = preSolution
		Debug|Any CPU = Debug|Any CPU
		Release|Any CPU = Release|Any CPU
	EndGlobalSection
	GlobalSection(ProjectConfigurationPlatforms) = postSolution
		{B215553E-2967-4884-8B55-13F055B551AD}.Debug|Any CPU.ActiveCfg = Debug|Any CPU
		{B215553E-2967-4884-8B55-13F055B551AD}.Debug|Any CPU.Build.0 = Debug|Any CPU
		{B215553E-2967-4884-8B55-13F055B551AD}.Release|Any CPU.ActiveCfg = Release|Any CPU
		{B215553E-2967-4884-8B55-13F055B551AD}.Release|Any CPU.Build.0 = Release|Any CPU
	EndGlobalSection
	GlobalSection(SolutionProperties) = preSolution
		HideSolutionNode = FALSE
	EndGlobalSection
	GlobalSection(ExtensibilityGlobals) = postSolution
		SolutionGuid = {4E9F90A0-2268-44A4-91C2-FB36DD760D9C}
	EndGlobalSection
EndGlobal
